
Microsoft Visual Studio Solution File, Format Version 12.00
# Visual Studio Version 17
VisualStudioVersion = 17.8.34511.84
MinimumVisualStudioVersion = 10.0.40219.1
Project("{9A19103F-16F7-4668-BE54-9A1E7A4F7556}") = "samp0610", "samp0610.csproj", "{2342D80C-9A3E-4EDF-B613-AB305E00EE9E}"
EndProject
Global
	GlobalSection(SolutionConfigurationPlatforms) = preSolution
		Debug|Any CPU = Debug|Any CPU
		Release|Any CPU = Release|Any CPU
	EndGlobalSection
	GlobalSection(ProjectConfigurationPlatforms) = postSolution
		{2342D80C-9A3E-4EDF-B613-AB305E00EE9E}.Debug|Any CPU.ActiveCfg = Debug|Any CPU
		{2342D80C-9A3E-4EDF-B613-AB305E00EE9E}.Debug|Any CPU.Build.0 = Debug|Any CPU
		{2342D80C-9A3E-4EDF-B613-AB305E00EE9E}.Release|Any CPU.ActiveCfg = Release|Any CPU
		{2342D80C-9A3E-4EDF-B613-AB305E00EE9E}.Release|Any CPU.Build.0 = Release|Any CPU
	EndGlobalSection
	GlobalSection(SolutionProperties) = preSolution
		HideSolutionNode = FALSE
	EndGlobalSection
	GlobalSection(ExtensibilityGlobals) = postSolution
		SolutionGuid = {C9CA4B0B-41C8-4E73-B92D-D4F0E3BCDCC9}
	EndGlobalSection
EndGlobal
