
Microsoft Visual Studio Solution File, Format Version 12.00
# Visual Studio Version 17
VisualStudioVersion = 17.8.34511.84
MinimumVisualStudioVersion = 10.0.40219.1
Project("{9A19103F-16F7-4668-BE54-9A1E7A4F7556}") = "samp0602", "samp0602.csproj", "{3D35DF48-BE44-4E80-AEAF-7F82ABA96200}"
EndProject
Global
	GlobalSection(SolutionConfigurationPlatforms) = preSolution
		Debug|Any CPU = Debug|Any CPU
		Release|Any CPU = Release|Any CPU
	EndGlobalSection
	GlobalSection(ProjectConfigurationPlatforms) = postSolution
		{3D35DF48-BE44-4E80-AEAF-7F82ABA96200}.Debug|Any CPU.ActiveCfg = Debug|Any CPU
		{3D35DF48-BE44-4E80-AEAF-7F82ABA96200}.Debug|Any CPU.Build.0 = Debug|Any CPU
		{3D35DF48-BE44-4E80-AEAF-7F82ABA96200}.Release|Any CPU.ActiveCfg = Release|Any CPU
		{3D35DF48-BE44-4E80-AEAF-7F82ABA96200}.Release|Any CPU.Build.0 = Release|Any CPU
	EndGlobalSection
	GlobalSection(SolutionProperties) = preSolution
		HideSolutionNode = FALSE
	EndGlobalSection
	GlobalSection(ExtensibilityGlobals) = postSolution
		SolutionGuid = {3E426289-4DB8-49FC-8143-E33830A9A460}
	EndGlobalSection
EndGlobal
