
Microsoft Visual Studio Solution File, Format Version 12.00
# Visual Studio Version 17
VisualStudioVersion = 17.8.34511.84
MinimumVisualStudioVersion = 10.0.40219.1
Project("{9A19103F-16F7-4668-BE54-9A1E7A4F7556}") = "samp0607", "samp0607.csproj", "{9DF7CC67-914F-4B2B-AE56-12C4AC7BA369}"
EndProject
Global
	GlobalSection(SolutionConfigurationPlatforms) = preSolution
		Debug|Any CPU = Debug|Any CPU
		Release|Any CPU = Release|Any CPU
	EndGlobalSection
	GlobalSection(ProjectConfigurationPlatforms) = postSolution
		{9DF7CC67-914F-4B2B-AE56-12C4AC7BA369}.Debug|Any CPU.ActiveCfg = Debug|Any CPU
		{9DF7CC67-914F-4B2B-AE56-12C4AC7BA369}.Debug|Any CPU.Build.0 = Debug|Any CPU
		{9DF7CC67-914F-4B2B-AE56-12C4AC7BA369}.Release|Any CPU.ActiveCfg = Release|Any CPU
		{9DF7CC67-914F-4B2B-AE56-12C4AC7BA369}.Release|Any CPU.Build.0 = Release|Any CPU
	EndGlobalSection
	GlobalSection(SolutionProperties) = preSolution
		HideSolutionNode = FALSE
	EndGlobalSection
	GlobalSection(ExtensibilityGlobals) = postSolution
		SolutionGuid = {3C145046-905A-4511-B4F3-A25A1019A492}
	EndGlobalSection
EndGlobal
