
Microsoft Visual Studio Solution File, Format Version 12.00
# Visual Studio Version 17
VisualStudioVersion = 17.8.34511.84
MinimumVisualStudioVersion = 10.0.40219.1
Project("{9A19103F-16F7-4668-BE54-9A1E7A4F7556}") = "samp0705", "samp0705.csproj", "{EF6EE7D8-98F4-4DD7-A29E-59DC25C408A8}"
EndProject
Global
	GlobalSection(SolutionConfigurationPlatforms) = preSolution
		Debug|Any CPU = Debug|Any CPU
		Release|Any CPU = Release|Any CPU
	EndGlobalSection
	GlobalSection(ProjectConfigurationPlatforms) = postSolution
		{EF6EE7D8-98F4-4DD7-A29E-59DC25C408A8}.Debug|Any CPU.ActiveCfg = Debug|Any CPU
		{EF6EE7D8-98F4-4DD7-A29E-59DC25C408A8}.Debug|Any CPU.Build.0 = Debug|Any CPU
		{EF6EE7D8-98F4-4DD7-A29E-59DC25C408A8}.Release|Any CPU.ActiveCfg = Release|Any CPU
		{EF6EE7D8-98F4-4DD7-A29E-59DC25C408A8}.Release|Any CPU.Build.0 = Release|Any CPU
	EndGlobalSection
	GlobalSection(SolutionProperties) = preSolution
		HideSolutionNode = FALSE
	EndGlobalSection
	GlobalSection(ExtensibilityGlobals) = postSolution
		SolutionGuid = {18D1158F-6F15-4F38-AB6A-F40F99FA1D8F}
	EndGlobalSection
EndGlobal
