
Microsoft Visual Studio Solution File, Format Version 12.00
# Visual Studio Version 17
VisualStudioVersion = 17.8.34511.84
MinimumVisualStudioVersion = 10.0.40219.1
Project("{9A19103F-16F7-4668-BE54-9A1E7A4F7556}") = "samp0609", "samp0609.csproj", "{66D58A90-B7A7-4539-8F2C-CEA1AB0722F7}"
EndProject
Global
	GlobalSection(SolutionConfigurationPlatforms) = preSolution
		Debug|Any CPU = Debug|Any CPU
		Release|Any CPU = Release|Any CPU
	EndGlobalSection
	GlobalSection(ProjectConfigurationPlatforms) = postSolution
		{66D58A90-B7A7-4539-8F2C-CEA1AB0722F7}.Debug|Any CPU.ActiveCfg = Debug|Any CPU
		{66D58A90-B7A7-4539-8F2C-CEA1AB0722F7}.Debug|Any CPU.Build.0 = Debug|Any CPU
		{66D58A90-B7A7-4539-8F2C-CEA1AB0722F7}.Release|Any CPU.ActiveCfg = Release|Any CPU
		{66D58A90-B7A7-4539-8F2C-CEA1AB0722F7}.Release|Any CPU.Build.0 = Release|Any CPU
	EndGlobalSection
	GlobalSection(SolutionProperties) = preSolution
		HideSolutionNode = FALSE
	EndGlobalSection
	GlobalSection(ExtensibilityGlobals) = postSolution
		SolutionGuid = {B1DC79E1-6C2D-4A6F-B6A3-F0F6AFD06E60}
	EndGlobalSection
EndGlobal
