
Microsoft Visual Studio Solution File, Format Version 12.00
# Visual Studio Version 17
VisualStudioVersion = 17.7.34302.85
MinimumVisualStudioVersion = 10.0.40219.1
Project("{9A19103F-16F7-4668-BE54-9A1E7A4F7556}") = "samp0606", "samp0606.csproj", "{3E21EE0F-6A82-4479-8B39-3B42CD2B4E76}"
EndProject
Global
	GlobalSection(SolutionConfigurationPlatforms) = preSolution
		Debug|Any CPU = Debug|Any CPU
		Release|Any CPU = Release|Any CPU
	EndGlobalSection
	GlobalSection(ProjectConfigurationPlatforms) = postSolution
		{3E21EE0F-6A82-4479-8B39-3B42CD2B4E76}.Debug|Any CPU.ActiveCfg = Debug|Any CPU
		{3E21EE0F-6A82-4479-8B39-3B42CD2B4E76}.Debug|Any CPU.Build.0 = Debug|Any CPU
		{3E21EE0F-6A82-4479-8B39-3B42CD2B4E76}.Release|Any CPU.ActiveCfg = Release|Any CPU
		{3E21EE0F-6A82-4479-8B39-3B42CD2B4E76}.Release|Any CPU.Build.0 = Release|Any CPU
	EndGlobalSection
	GlobalSection(SolutionProperties) = preSolution
		HideSolutionNode = FALSE
	EndGlobalSection
	GlobalSection(ExtensibilityGlobals) = postSolution
		SolutionGuid = {DCA05CCE-28F4-4FB3-A50F-80033A6F4092}
	EndGlobalSection
EndGlobal
