
Microsoft Visual Studio Solution File, Format Version 12.00
# Visual Studio Version 17
VisualStudioVersion = 17.8.34511.84
MinimumVisualStudioVersion = 10.0.40219.1
Project("{9A19103F-16F7-4668-BE54-9A1E7A4F7556}") = "SampleRelateWebAPI2", "SampleRelateWebAPI2.csproj", "{AA88C95F-32A4-4039-8922-98099A34EABF}"
EndProject
Global
	GlobalSection(SolutionConfigurationPlatforms) = preSolution
		Debug|Any CPU = Debug|Any CPU
		Release|Any CPU = Release|Any CPU
	EndGlobalSection
	GlobalSection(ProjectConfigurationPlatforms) = postSolution
		{AA88C95F-32A4-4039-8922-98099A34EABF}.Debug|Any CPU.ActiveCfg = Debug|Any CPU
		{AA88C95F-32A4-4039-8922-98099A34EABF}.Debug|Any CPU.Build.0 = Debug|Any CPU
		{AA88C95F-32A4-4039-8922-98099A34EABF}.Release|Any CPU.ActiveCfg = Release|Any CPU
		{AA88C95F-32A4-4039-8922-98099A34EABF}.Release|Any CPU.Build.0 = Release|Any CPU
	EndGlobalSection
	GlobalSection(SolutionProperties) = preSolution
		HideSolutionNode = FALSE
	EndGlobalSection
	GlobalSection(ExtensibilityGlobals) = postSolution
		SolutionGuid = {7EA8FF52-FDBD-4797-BA12-5F2F6E7C4F10}
	EndGlobalSection
EndGlobal
