
Microsoft Visual Studio Solution File, Format Version 12.00
# Visual Studio Version 17
VisualStudioVersion = 17.8.34511.84
MinimumVisualStudioVersion = 10.0.40219.1
Project("{9A19103F-16F7-4668-BE54-9A1E7A4F7556}") = "SampleRelateWebAPI", "SampleRelateWebAPI.csproj", "{429D8A79-A287-44F1-9B39-1B01823F3414}"
EndProject
Global
	GlobalSection(SolutionConfigurationPlatforms) = preSolution
		Debug|Any CPU = Debug|Any CPU
		Release|Any CPU = Release|Any CPU
	EndGlobalSection
	GlobalSection(ProjectConfigurationPlatforms) = postSolution
		{429D8A79-A287-44F1-9B39-1B01823F3414}.Debug|Any CPU.ActiveCfg = Debug|Any CPU
		{429D8A79-A287-44F1-9B39-1B01823F3414}.Debug|Any CPU.Build.0 = Debug|Any CPU
		{429D8A79-A287-44F1-9B39-1B01823F3414}.Release|Any CPU.ActiveCfg = Release|Any CPU
		{429D8A79-A287-44F1-9B39-1B01823F3414}.Release|Any CPU.Build.0 = Release|Any CPU
	EndGlobalSection
	GlobalSection(SolutionProperties) = preSolution
		HideSolutionNode = FALSE
	EndGlobalSection
	GlobalSection(ExtensibilityGlobals) = postSolution
		SolutionGuid = {1B9E8BE5-10DA-4017-80ED-F3310C5BF602}
	EndGlobalSection
EndGlobal
