
Microsoft Visual Studio Solution File, Format Version 12.00
# Visual Studio Version 17
VisualStudioVersion = 17.8.34511.84
MinimumVisualStudioVersion = 10.0.40219.1
Project("{9A19103F-16F7-4668-BE54-9A1E7A4F7556}") = "samp0708", "samp0708.csproj", "{F7105B65-5D14-4CF5-8354-62985930D38B}"
EndProject
Global
	GlobalSection(SolutionConfigurationPlatforms) = preSolution
		Debug|Any CPU = Debug|Any CPU
		Release|Any CPU = Release|Any CPU
	EndGlobalSection
	GlobalSection(ProjectConfigurationPlatforms) = postSolution
		{F7105B65-5D14-4CF5-8354-62985930D38B}.Debug|Any CPU.ActiveCfg = Debug|Any CPU
		{F7105B65-5D14-4CF5-8354-62985930D38B}.Debug|Any CPU.Build.0 = Debug|Any CPU
		{F7105B65-5D14-4CF5-8354-62985930D38B}.Release|Any CPU.ActiveCfg = Release|Any CPU
		{F7105B65-5D14-4CF5-8354-62985930D38B}.Release|Any CPU.Build.0 = Release|Any CPU
	EndGlobalSection
	GlobalSection(SolutionProperties) = preSolution
		HideSolutionNode = FALSE
	EndGlobalSection
	GlobalSection(ExtensibilityGlobals) = postSolution
		SolutionGuid = {17DE11D0-39A3-47BD-8BFB-6FBB2E2C3C93}
	EndGlobalSection
EndGlobal
